
Microsoft Visual Studio Solution File, Format Version 12.00
# Visual Studio 15
VisualStudioVersion = 15.0.28010.2026
MinimumVisualStudioVersion = 10.0.40219.1
Project("{9A19103F-16F7-4668-BE54-9A1E7A4F7556}") = "GeniusAcademy.API", "GeniusAcademy.API\GeniusAcademy.API.csproj", "{D2E44615-7E4D-42EF-9EDA-E93F7F8F123F}"
EndProject
Project("{9A19103F-16F7-4668-BE54-9A1E7A4F7556}") = "GeniusAcademy.Data", "GeniusAcademy.Data\GeniusAcademy.Data.csproj", "{01A18F03-1977-4049-B245-468E2FE93454}"
EndProject
Project("{9A19103F-16F7-4668-BE54-9A1E7A4F7556}") = "GeniusAcademy.ViewModel", "GeniusAcademy.ViewModel\GeniusAcademy.ViewModel.csproj", "{C2A37951-F4CD-4492-B22C-756670829654}"
EndProject
Project("{9A19103F-16F7-4668-BE54-9A1E7A4F7556}") = "GeniusAcademy.Types", "GeniusAcademy.Types\GeniusAcademy.Types.csproj", "{291F1F2D-F034-4D70-BB92-C0B584D638AB}"
EndProject
Project("{FAE04EC0-301F-11D3-BF4B-00C04F79EFBC}") = "GeniusAcademy.EF", "GeniusAcademy.EF\GeniusAcademy.EF.csproj", "{651A7FC9-0E79-4699-B655-DEB74C401FFC}"
EndProject
Global
	GlobalSection(SolutionConfigurationPlatforms) = preSolution
		Debug|Any CPU = Debug|Any CPU
		Release|Any CPU = Release|Any CPU
	EndGlobalSection
	GlobalSection(ProjectConfigurationPlatforms) = postSolution
		{D2E44615-7E4D-42EF-9EDA-E93F7F8F123F}.Debug|Any CPU.ActiveCfg = Debug|Any CPU
		{D2E44615-7E4D-42EF-9EDA-E93F7F8F123F}.Debug|Any CPU.Build.0 = Debug|Any CPU
		{D2E44615-7E4D-42EF-9EDA-E93F7F8F123F}.Release|Any CPU.ActiveCfg = Release|Any CPU
		{D2E44615-7E4D-42EF-9EDA-E93F7F8F123F}.Release|Any CPU.Build.0 = Release|Any CPU
		{01A18F03-1977-4049-B245-468E2FE93454}.Debug|Any CPU.ActiveCfg = Debug|Any CPU
		{01A18F03-1977-4049-B245-468E2FE93454}.Debug|Any CPU.Build.0 = Debug|Any CPU
		{01A18F03-1977-4049-B245-468E2FE93454}.Release|Any CPU.ActiveCfg = Release|Any CPU
		{01A18F03-1977-4049-B245-468E2FE93454}.Release|Any CPU.Build.0 = Release|Any CPU
		{C2A37951-F4CD-4492-B22C-756670829654}.Debug|Any CPU.ActiveCfg = Debug|Any CPU
		{C2A37951-F4CD-4492-B22C-756670829654}.Debug|Any CPU.Build.0 = Debug|Any CPU
		{C2A37951-F4CD-4492-B22C-756670829654}.Release|Any CPU.ActiveCfg = Release|Any CPU
		{C2A37951-F4CD-4492-B22C-756670829654}.Release|Any CPU.Build.0 = Release|Any CPU
		{291F1F2D-F034-4D70-BB92-C0B584D638AB}.Debug|Any CPU.ActiveCfg = Debug|Any CPU
		{291F1F2D-F034-4D70-BB92-C0B584D638AB}.Debug|Any CPU.Build.0 = Debug|Any CPU
		{291F1F2D-F034-4D70-BB92-C0B584D638AB}.Release|Any CPU.ActiveCfg = Release|Any CPU
		{291F1F2D-F034-4D70-BB92-C0B584D638AB}.Release|Any CPU.Build.0 = Release|Any CPU
		{651A7FC9-0E79-4699-B655-DEB74C401FFC}.Debug|Any CPU.ActiveCfg = Debug|Any CPU
		{651A7FC9-0E79-4699-B655-DEB74C401FFC}.Debug|Any CPU.Build.0 = Debug|Any CPU
		{651A7FC9-0E79-4699-B655-DEB74C401FFC}.Release|Any CPU.ActiveCfg = Release|Any CPU
		{651A7FC9-0E79-4699-B655-DEB74C401FFC}.Release|Any CPU.Build.0 = Release|Any CPU
	EndGlobalSection
	GlobalSection(SolutionProperties) = preSolution
		HideSolutionNode = FALSE
	EndGlobalSection
	GlobalSection(ExtensibilityGlobals) = postSolution
		SolutionGuid = {C27E8009-99F7-4BED-B61C-382B165F562C}
	EndGlobalSection
EndGlobal
